
Microsoft Visual Studio Solution File, Format Version 12.00
# Visual Studio Version 17
VisualStudioVersion = 17.14.36518.9
MinimumVisualStudioVersion = 10.0.40219.1
Project("{FAE04EC0-301F-11D3-BF4B-00C04F79EFBC}") = "Laboratorio 20.1", "Laboratorio 20.1\Laboratorio 20.1.csproj", "{AE81D6C6-9FB7-4A10-A453-6A11F43FC27B}"
EndProject
Project("{FAE04EC0-301F-11D3-BF4B-00C04F79EFBC}") = "Laboratorio 20.2", "Laboratorio 20.2\Laboratorio 20.2.csproj", "{66101FCF-38B0-4711-8BF5-12E262ED734E}"
EndProject
Project("{FAE04EC0-301F-11D3-BF4B-00C04F79EFBC}") = "Laboratorio 20.3", "Laboratorio 20.3\Laboratorio 20.3.csproj", "{546ADA5B-300E-4433-8D57-A9994FF04D19}"
EndProject
Global
	GlobalSection(SolutionConfigurationPlatforms) = preSolution
		Debug|Any CPU = Debug|Any CPU
		Release|Any CPU = Release|Any CPU
	EndGlobalSection
	GlobalSection(ProjectConfigurationPlatforms) = postSolution
		{AE81D6C6-9FB7-4A10-A453-6A11F43FC27B}.Debug|Any CPU.ActiveCfg = Debug|Any CPU
		{AE81D6C6-9FB7-4A10-A453-6A11F43FC27B}.Debug|Any CPU.Build.0 = Debug|Any CPU
		{AE81D6C6-9FB7-4A10-A453-6A11F43FC27B}.Release|Any CPU.ActiveCfg = Release|Any CPU
		{AE81D6C6-9FB7-4A10-A453-6A11F43FC27B}.Release|Any CPU.Build.0 = Release|Any CPU
		{66101FCF-38B0-4711-8BF5-12E262ED734E}.Debug|Any CPU.ActiveCfg = Debug|Any CPU
		{66101FCF-38B0-4711-8BF5-12E262ED734E}.Debug|Any CPU.Build.0 = Debug|Any CPU
		{66101FCF-38B0-4711-8BF5-12E262ED734E}.Release|Any CPU.ActiveCfg = Release|Any CPU
		{66101FCF-38B0-4711-8BF5-12E262ED734E}.Release|Any CPU.Build.0 = Release|Any CPU
		{546ADA5B-300E-4433-8D57-A9994FF04D19}.Debug|Any CPU.ActiveCfg = Debug|Any CPU
		{546ADA5B-300E-4433-8D57-A9994FF04D19}.Debug|Any CPU.Build.0 = Debug|Any CPU
		{546ADA5B-300E-4433-8D57-A9994FF04D19}.Release|Any CPU.ActiveCfg = Release|Any CPU
		{546ADA5B-300E-4433-8D57-A9994FF04D19}.Release|Any CPU.Build.0 = Release|Any CPU
	EndGlobalSection
	GlobalSection(SolutionProperties) = preSolution
		HideSolutionNode = FALSE
	EndGlobalSection
	GlobalSection(ExtensibilityGlobals) = postSolution
		SolutionGuid = {04B8583C-6A8C-4AD5-BC66-CA4F299BCE99}
	EndGlobalSection
EndGlobal
