
Microsoft Visual Studio Solution File, Format Version 12.00
# Visual Studio Version 17
VisualStudioVersion = 17.14.36616.10 d17.14
MinimumVisualStudioVersion = 10.0.40219.1
Project("{FAE04EC0-301F-11D3-BF4B-00C04F79EFBC}") = "Laboratorio181", "Laboratorio181\Laboratorio181.csproj", "{CDDAA8D4-E7BB-43A1-8523-7FA8C2987F01}"
EndProject
Global
	GlobalSection(SolutionConfigurationPlatforms) = preSolution
		Debug|Any CPU = Debug|Any CPU
		Release|Any CPU = Release|Any CPU
	EndGlobalSection
	GlobalSection(ProjectConfigurationPlatforms) = postSolution
		{CDDAA8D4-E7BB-43A1-8523-7FA8C2987F01}.Debug|Any CPU.ActiveCfg = Debug|Any CPU
		{CDDAA8D4-E7BB-43A1-8523-7FA8C2987F01}.Debug|Any CPU.Build.0 = Debug|Any CPU
		{CDDAA8D4-E7BB-43A1-8523-7FA8C2987F01}.Release|Any CPU.ActiveCfg = Release|Any CPU
		{CDDAA8D4-E7BB-43A1-8523-7FA8C2987F01}.Release|Any CPU.Build.0 = Release|Any CPU
	EndGlobalSection
	GlobalSection(SolutionProperties) = preSolution
		HideSolutionNode = FALSE
	EndGlobalSection
	GlobalSection(ExtensibilityGlobals) = postSolution
		SolutionGuid = {69D49C55-68F9-4E51-8F39-1654FC641538}
	EndGlobalSection
EndGlobal
